
Microsoft Visual Studio Solution File, Format Version 12.00
# Visual Studio 15
VisualStudioVersion = 15.0.28307.438
MinimumVisualStudioVersion = 10.0.40219.1
Project("{FAE04EC0-301F-11D3-BF4B-00C04F79EFBC}") = "FluentCalculator", "FluentCalculator\FluentCalculator.csproj", "{9DAD6016-0C36-48BC-B54D-F8D443340334}"
EndProject
Project("{FAE04EC0-301F-11D3-BF4B-00C04F79EFBC}") = "FluentCalculator.Tests", "FluentCalculator.Tests\FluentCalculator.Tests.csproj", "{3058DF7A-A5FB-48CE-82D4-DA547B77BA50}"
EndProject
Global
	GlobalSection(SolutionConfigurationPlatforms) = preSolution
		Debug|Any CPU = Debug|Any CPU
		Release|Any CPU = Release|Any CPU
	EndGlobalSection
	GlobalSection(ProjectConfigurationPlatforms) = postSolution
		{9DAD6016-0C36-48BC-B54D-F8D443340334}.Debug|Any CPU.ActiveCfg = Debug|Any CPU
		{9DAD6016-0C36-48BC-B54D-F8D443340334}.Debug|Any CPU.Build.0 = Debug|Any CPU
		{9DAD6016-0C36-48BC-B54D-F8D443340334}.Release|Any CPU.ActiveCfg = Release|Any CPU
		{9DAD6016-0C36-48BC-B54D-F8D443340334}.Release|Any CPU.Build.0 = Release|Any CPU
		{3058DF7A-A5FB-48CE-82D4-DA547B77BA50}.Debug|Any CPU.ActiveCfg = Debug|Any CPU
		{3058DF7A-A5FB-48CE-82D4-DA547B77BA50}.Debug|Any CPU.Build.0 = Debug|Any CPU
		{3058DF7A-A5FB-48CE-82D4-DA547B77BA50}.Release|Any CPU.ActiveCfg = Release|Any CPU
		{3058DF7A-A5FB-48CE-82D4-DA547B77BA50}.Release|Any CPU.Build.0 = Release|Any CPU
	EndGlobalSection
	GlobalSection(SolutionProperties) = preSolution
		HideSolutionNode = FALSE
	EndGlobalSection
	GlobalSection(ExtensibilityGlobals) = postSolution
		SolutionGuid = {DD844544-A287-476C-BA69-B257CD34BB47}
	EndGlobalSection
EndGlobal
